
Microsoft Visual Studio Solution File, Format Version 12.00
# Visual Studio Version 17
VisualStudioVersion = 17.5.002.0
MinimumVisualStudioVersion = 10.0.40219.1
Project("{9A19103F-16F7-4668-BE54-9A1E7A4F7556}") = "Task2", "Task2.csproj", "{7D6CE7A9-B681-412D-A0D2-20B80D247C15}"
EndProject
Global
	GlobalSection(SolutionConfigurationPlatforms) = preSolution
		Debug|Any CPU = Debug|Any CPU
		Release|Any CPU = Release|Any CPU
	EndGlobalSection
	GlobalSection(ProjectConfigurationPlatforms) = postSolution
		{7D6CE7A9-B681-412D-A0D2-20B80D247C15}.Debug|Any CPU.ActiveCfg = Debug|Any CPU
		{7D6CE7A9-B681-412D-A0D2-20B80D247C15}.Debug|Any CPU.Build.0 = Debug|Any CPU
		{7D6CE7A9-B681-412D-A0D2-20B80D247C15}.Release|Any CPU.ActiveCfg = Release|Any CPU
		{7D6CE7A9-B681-412D-A0D2-20B80D247C15}.Release|Any CPU.Build.0 = Release|Any CPU
	EndGlobalSection
	GlobalSection(SolutionProperties) = preSolution
		HideSolutionNode = FALSE
	EndGlobalSection
	GlobalSection(ExtensibilityGlobals) = postSolution
		SolutionGuid = {21B7366F-83FB-4DED-BB5E-FB19B6BBAA86}
	EndGlobalSection
EndGlobal
